# THIS IS AN AUTOGENERATED FILE. DO NOT EDIT THIS FILE DIRECTLY.
# yarn lockfile v1


jsbi@^4.3.0:
  version "4.3.0"
  resolved "https://registry.yarnpkg.com/jsbi/-/jsbi-4.3.0.tgz#b54ee074fb6fcbc00619559305c8f7e912b04741"
  integrity sha512-SnZNcinB4RIcnEyZqFPdGPVgrg2AcnykiBy0sHVJQKHYeaLUvi3Exj+iaPpLnFVkDPZIV4U0yvgC9/R4uEAZ9g==
